
Microsoft Visual Studio Solution File, Format Version 12.00
# Visual Studio 15
VisualStudioVersion = 15.0.28307.168
MinimumVisualStudioVersion = 10.0.40219.1
Project("{9A19103F-16F7-4668-BE54-9A1E7A4F7556}") = "UltimaOnline.IO", "UltimaOnline.IO\UltimaOnline.IO.csproj", "{65747134-F1ED-4B2A-8332-AC4C579DCAA2}"
EndProject
Project("{9A19103F-16F7-4668-BE54-9A1E7A4F7556}") = "test", "test\test.csproj", "{34F23B53-B27D-48ED-BE3B-77F1E6E8DD2E}"
EndProject
Project("{9A19103F-16F7-4668-BE54-9A1E7A4F7556}") = "UltimaOnline.Data", "UltimaOnline.Data\UltimaOnline.Data.csproj", "{531681B1-D2BD-4B20-81DE-5FF53E2A8D21}"
EndProject
Project("{9A19103F-16F7-4668-BE54-9A1E7A4F7556}") = "UltimaOnline", "UltimaOnline\UltimaOnline.csproj", "{D7FCFC8D-C0AA-4218-9A2C-E912FE9E756B}"
EndProject
Global
	GlobalSection(SolutionConfigurationPlatforms) = preSolution
		Debug|Any CPU = Debug|Any CPU
		Release|Any CPU = Release|Any CPU
	EndGlobalSection
	GlobalSection(ProjectConfigurationPlatforms) = postSolution
		{65747134-F1ED-4B2A-8332-AC4C579DCAA2}.Debug|Any CPU.ActiveCfg = Debug|Any CPU
		{65747134-F1ED-4B2A-8332-AC4C579DCAA2}.Debug|Any CPU.Build.0 = Debug|Any CPU
		{65747134-F1ED-4B2A-8332-AC4C579DCAA2}.Release|Any CPU.ActiveCfg = Release|Any CPU
		{65747134-F1ED-4B2A-8332-AC4C579DCAA2}.Release|Any CPU.Build.0 = Release|Any CPU
		{34F23B53-B27D-48ED-BE3B-77F1E6E8DD2E}.Debug|Any CPU.ActiveCfg = Debug|Any CPU
		{34F23B53-B27D-48ED-BE3B-77F1E6E8DD2E}.Debug|Any CPU.Build.0 = Debug|Any CPU
		{34F23B53-B27D-48ED-BE3B-77F1E6E8DD2E}.Release|Any CPU.ActiveCfg = Release|Any CPU
		{34F23B53-B27D-48ED-BE3B-77F1E6E8DD2E}.Release|Any CPU.Build.0 = Release|Any CPU
		{531681B1-D2BD-4B20-81DE-5FF53E2A8D21}.Debug|Any CPU.ActiveCfg = Debug|Any CPU
		{531681B1-D2BD-4B20-81DE-5FF53E2A8D21}.Debug|Any CPU.Build.0 = Debug|Any CPU
		{531681B1-D2BD-4B20-81DE-5FF53E2A8D21}.Release|Any CPU.ActiveCfg = Release|Any CPU
		{531681B1-D2BD-4B20-81DE-5FF53E2A8D21}.Release|Any CPU.Build.0 = Release|Any CPU
		{D7FCFC8D-C0AA-4218-9A2C-E912FE9E756B}.Debug|Any CPU.ActiveCfg = Debug|Any CPU
		{D7FCFC8D-C0AA-4218-9A2C-E912FE9E756B}.Debug|Any CPU.Build.0 = Debug|Any CPU
		{D7FCFC8D-C0AA-4218-9A2C-E912FE9E756B}.Release|Any CPU.ActiveCfg = Release|Any CPU
		{D7FCFC8D-C0AA-4218-9A2C-E912FE9E756B}.Release|Any CPU.Build.0 = Release|Any CPU
	EndGlobalSection
	GlobalSection(SolutionProperties) = preSolution
		HideSolutionNode = FALSE
	EndGlobalSection
	GlobalSection(ExtensibilityGlobals) = postSolution
		SolutionGuid = {4EA3A381-02DB-48F8-9EE1-87FA72BF1FB1}
	EndGlobalSection
EndGlobal
